
Microsoft Visual Studio Solution File, Format Version 12.00
# Visual Studio Version 17
VisualStudioVersion = 17.5.33627.172
MinimumVisualStudioVersion = 10.0.40219.1
Project("{FAE04EC0-301F-11D3-BF4B-00C04F79EFBC}") = "BlinkBell", "BlinkBell\BlinkBell.csproj", "{3872DA6B-DB61-4E5E-8245-D18075952689}"
EndProject
Project("{FAE04EC0-301F-11D3-BF4B-00C04F79EFBC}") = "BlazorServerSignalRApp", "BlazorServerSignalRApp\BlazorServerSignalRApp.csproj", "{FED6A4DC-DACE-4F51-A2C3-9F9643AB92C8}"
EndProject
Global
	GlobalSection(SolutionConfigurationPlatforms) = preSolution
		Debug|Any CPU = Debug|Any CPU
		Release|Any CPU = Release|Any CPU
	EndGlobalSection
	GlobalSection(ProjectConfigurationPlatforms) = postSolution
		{3872DA6B-DB61-4E5E-8245-D18075952689}.Debug|Any CPU.ActiveCfg = Debug|Any CPU
		{3872DA6B-DB61-4E5E-8245-D18075952689}.Debug|Any CPU.Build.0 = Debug|Any CPU
		{3872DA6B-DB61-4E5E-8245-D18075952689}.Release|Any CPU.ActiveCfg = Release|Any CPU
		{3872DA6B-DB61-4E5E-8245-D18075952689}.Release|Any CPU.Build.0 = Release|Any CPU
		{FED6A4DC-DACE-4F51-A2C3-9F9643AB92C8}.Debug|Any CPU.ActiveCfg = Debug|Any CPU
		{FED6A4DC-DACE-4F51-A2C3-9F9643AB92C8}.Debug|Any CPU.Build.0 = Debug|Any CPU
		{FED6A4DC-DACE-4F51-A2C3-9F9643AB92C8}.Release|Any CPU.ActiveCfg = Release|Any CPU
		{FED6A4DC-DACE-4F51-A2C3-9F9643AB92C8}.Release|Any CPU.Build.0 = Release|Any CPU
	EndGlobalSection
	GlobalSection(SolutionProperties) = preSolution
		HideSolutionNode = FALSE
	EndGlobalSection
	GlobalSection(ExtensibilityGlobals) = postSolution
		SolutionGuid = {9295B461-E7B2-4E3A-90F9-3339F086DDD4}
	EndGlobalSection
EndGlobal
